
Microsoft Visual Studio Solution File, Format Version 12.00
# Visual Studio Version 17
VisualStudioVersion = 17.7.34031.279
MinimumVisualStudioVersion = 10.0.40219.1
Project("{FAE04EC0-301F-11D3-BF4B-00C04F79EFBC}") = "RandomChoice", "RandomChoice\RandomChoice.csproj", "{F5B91564-9E87-40CF-AEA4-4ED5F81637E3}"
EndProject
Global
	GlobalSection(SolutionConfigurationPlatforms) = preSolution
		Debug|Any CPU = Debug|Any CPU
		Release|Any CPU = Release|Any CPU
	EndGlobalSection
	GlobalSection(ProjectConfigurationPlatforms) = postSolution
		{F5B91564-9E87-40CF-AEA4-4ED5F81637E3}.Debug|Any CPU.ActiveCfg = Debug|Any CPU
		{F5B91564-9E87-40CF-AEA4-4ED5F81637E3}.Debug|Any CPU.Build.0 = Debug|Any CPU
		{F5B91564-9E87-40CF-AEA4-4ED5F81637E3}.Release|Any CPU.ActiveCfg = Release|Any CPU
		{F5B91564-9E87-40CF-AEA4-4ED5F81637E3}.Release|Any CPU.Build.0 = Release|Any CPU
	EndGlobalSection
	GlobalSection(SolutionProperties) = preSolution
		HideSolutionNode = FALSE
	EndGlobalSection
	GlobalSection(ExtensibilityGlobals) = postSolution
		SolutionGuid = {8FCC361D-4E69-4679-9211-4740AB8AF43C}
	EndGlobalSection
EndGlobal
